
Microsoft Visual Studio Solution File, Format Version 12.00
# Visual Studio Version 17
VisualStudioVersion = 17.14.36401.2 d17.14
MinimumVisualStudioVersion = 10.0.40219.1
Project("{FAE04EC0-301F-11D3-BF4B-00C04F79EFBC}") = "HotelReservationSystem", "HotelReservationSystem\HotelReservationSystem.csproj", "{6DE48663-1B19-4ABF-9113-806FCD791F6F}"
EndProject
Global
	GlobalSection(SolutionConfigurationPlatforms) = preSolution
		Debug|Any CPU = Debug|Any CPU
		Release|Any CPU = Release|Any CPU
	EndGlobalSection
	GlobalSection(ProjectConfigurationPlatforms) = postSolution
		{6DE48663-1B19-4ABF-9113-806FCD791F6F}.Debug|Any CPU.ActiveCfg = Debug|Any CPU
		{6DE48663-1B19-4ABF-9113-806FCD791F6F}.Debug|Any CPU.Build.0 = Debug|Any CPU
		{6DE48663-1B19-4ABF-9113-806FCD791F6F}.Release|Any CPU.ActiveCfg = Release|Any CPU
		{6DE48663-1B19-4ABF-9113-806FCD791F6F}.Release|Any CPU.Build.0 = Release|Any CPU
	EndGlobalSection
	GlobalSection(SolutionProperties) = preSolution
		HideSolutionNode = FALSE
	EndGlobalSection
	GlobalSection(ExtensibilityGlobals) = postSolution
		SolutionGuid = {455B9037-FF5C-40F1-98BE-F0CADA6DEEC2}
	EndGlobalSection
EndGlobal
